
Microsoft Visual Studio Solution File, Format Version 12.00
# Visual Studio 2012
Project("{8BC9CEB8-8B4A-11D0-8D11-00A0C91BC942}") = "Coliziunatorul3000", "Coliziunatorul3000\Coliziunatorul3000.vcxproj", "{8722BA81-4BB5-4B84-9453-F7A108FD9879}"
EndProject
Global
	GlobalSection(SolutionConfigurationPlatforms) = preSolution
		Debug|Win32 = Debug|Win32
		Release|Win32 = Release|Win32
	EndGlobalSection
	GlobalSection(ProjectConfigurationPlatforms) = postSolution
		{8722BA81-4BB5-4B84-9453-F7A108FD9879}.Debug|Win32.ActiveCfg = Debug|Win32
		{8722BA81-4BB5-4B84-9453-F7A108FD9879}.Debug|Win32.Build.0 = Debug|Win32
		{8722BA81-4BB5-4B84-9453-F7A108FD9879}.Release|Win32.ActiveCfg = Release|Win32
		{8722BA81-4BB5-4B84-9453-F7A108FD9879}.Release|Win32.Build.0 = Release|Win32
	EndGlobalSection
	GlobalSection(SolutionProperties) = preSolution
		HideSolutionNode = FALSE
	EndGlobalSection
EndGlobal
